
Microsoft Visual Studio Solution File, Format Version 12.00
# Visual Studio Version 17
VisualStudioVersion = 17.4.33213.308
MinimumVisualStudioVersion = 10.0.40219.1
Project("{C9674DCB-5085-4A16-B785-4C70DD1589BD}") = "bt_etl_ly", "bt_etl_ly.dtproj", "{CC690BFA-7C23-4BFC-B8C7-5F5532BFA0E1}"
EndProject
Global
	GlobalSection(SolutionConfigurationPlatforms) = preSolution
		Development|Default = Development|Default
	EndGlobalSection
	GlobalSection(ProjectConfigurationPlatforms) = postSolution
		{CC690BFA-7C23-4BFC-B8C7-5F5532BFA0E1}.Development|Default.ActiveCfg = Development
		{CC690BFA-7C23-4BFC-B8C7-5F5532BFA0E1}.Development|Default.Build.0 = Development
	EndGlobalSection
	GlobalSection(SolutionProperties) = preSolution
		HideSolutionNode = FALSE
	EndGlobalSection
	GlobalSection(ExtensibilityGlobals) = postSolution
		SolutionGuid = {EE28D588-80D6-464F-90E8-B7040BF6DA91}
	EndGlobalSection
EndGlobal
