
Microsoft Visual Studio Solution File, Format Version 12.00
# Visual Studio Version 17
VisualStudioVersion = 17.4.33213.308
MinimumVisualStudioVersion = 10.0.40219.1
Project("{C9674DCB-5085-4A16-B785-4C70DD1589BD}") = "etl_week2", "etl_week2.dtproj", "{28653C41-215C-4BC8-B855-029BBAE84807}"
EndProject
Global
	GlobalSection(SolutionConfigurationPlatforms) = preSolution
		Development|Default = Development|Default
	EndGlobalSection
	GlobalSection(ProjectConfigurationPlatforms) = postSolution
		{28653C41-215C-4BC8-B855-029BBAE84807}.Development|Default.ActiveCfg = Development
		{28653C41-215C-4BC8-B855-029BBAE84807}.Development|Default.Build.0 = Development
	EndGlobalSection
	GlobalSection(SolutionProperties) = preSolution
		HideSolutionNode = FALSE
	EndGlobalSection
	GlobalSection(ExtensibilityGlobals) = postSolution
		SolutionGuid = {81675700-0835-4972-8864-0DD9F2C3238A}
	EndGlobalSection
EndGlobal
